
Microsoft Visual Studio Solution File, Format Version 12.00
# Visual Studio Version 17
VisualStudioVersion = 17.9.34714.143
MinimumVisualStudioVersion = 10.0.40219.1
Project("{FAE04EC0-301F-11D3-BF4B-00C04F79EFBC}") = "Entities", "Entities\Entities.csproj", "{32D3F024-7E18-40F9-846F-714C13A8F382}"
EndProject
Project("{FAE04EC0-301F-11D3-BF4B-00C04F79EFBC}") = "DataAccess", "DataAccess\DataAccess.csproj", "{D523FAF3-7ABD-4956-9D21-D020808F43B9}"
EndProject
Project("{FAE04EC0-301F-11D3-BF4B-00C04F79EFBC}") = "Business", "Business\Business.csproj", "{816AA53D-16CA-4F3A-9AD4-C19F1289CBFB}"
EndProject
Project("{FAE04EC0-301F-11D3-BF4B-00C04F79EFBC}") = "Core", "Core\Core.csproj", "{9EB3787C-556A-4EC6-AA4F-A754D8BECBB3}"
EndProject
Project("{FAE04EC0-301F-11D3-BF4B-00C04F79EFBC}") = "WebAPI", "WebAPI\WebAPI.csproj", "{E615216C-E49E-43AA-8245-E007E4281D06}"
EndProject
Global
	GlobalSection(SolutionConfigurationPlatforms) = preSolution
		Debug|Any CPU = Debug|Any CPU
		Release|Any CPU = Release|Any CPU
	EndGlobalSection
	GlobalSection(ProjectConfigurationPlatforms) = postSolution
		{32D3F024-7E18-40F9-846F-714C13A8F382}.Debug|Any CPU.ActiveCfg = Debug|Any CPU
		{32D3F024-7E18-40F9-846F-714C13A8F382}.Debug|Any CPU.Build.0 = Debug|Any CPU
		{32D3F024-7E18-40F9-846F-714C13A8F382}.Release|Any CPU.ActiveCfg = Release|Any CPU
		{32D3F024-7E18-40F9-846F-714C13A8F382}.Release|Any CPU.Build.0 = Release|Any CPU
		{D523FAF3-7ABD-4956-9D21-D020808F43B9}.Debug|Any CPU.ActiveCfg = Debug|Any CPU
		{D523FAF3-7ABD-4956-9D21-D020808F43B9}.Debug|Any CPU.Build.0 = Debug|Any CPU
		{D523FAF3-7ABD-4956-9D21-D020808F43B9}.Release|Any CPU.ActiveCfg = Release|Any CPU
		{D523FAF3-7ABD-4956-9D21-D020808F43B9}.Release|Any CPU.Build.0 = Release|Any CPU
		{816AA53D-16CA-4F3A-9AD4-C19F1289CBFB}.Debug|Any CPU.ActiveCfg = Debug|Any CPU
		{816AA53D-16CA-4F3A-9AD4-C19F1289CBFB}.Debug|Any CPU.Build.0 = Debug|Any CPU
		{816AA53D-16CA-4F3A-9AD4-C19F1289CBFB}.Release|Any CPU.ActiveCfg = Release|Any CPU
		{816AA53D-16CA-4F3A-9AD4-C19F1289CBFB}.Release|Any CPU.Build.0 = Release|Any CPU
		{9EB3787C-556A-4EC6-AA4F-A754D8BECBB3}.Debug|Any CPU.ActiveCfg = Debug|Any CPU
		{9EB3787C-556A-4EC6-AA4F-A754D8BECBB3}.Debug|Any CPU.Build.0 = Debug|Any CPU
		{9EB3787C-556A-4EC6-AA4F-A754D8BECBB3}.Release|Any CPU.ActiveCfg = Release|Any CPU
		{9EB3787C-556A-4EC6-AA4F-A754D8BECBB3}.Release|Any CPU.Build.0 = Release|Any CPU
		{E615216C-E49E-43AA-8245-E007E4281D06}.Debug|Any CPU.ActiveCfg = Debug|Any CPU
		{E615216C-E49E-43AA-8245-E007E4281D06}.Debug|Any CPU.Build.0 = Debug|Any CPU
		{E615216C-E49E-43AA-8245-E007E4281D06}.Release|Any CPU.ActiveCfg = Release|Any CPU
		{E615216C-E49E-43AA-8245-E007E4281D06}.Release|Any CPU.Build.0 = Release|Any CPU
	EndGlobalSection
	GlobalSection(SolutionProperties) = preSolution
		HideSolutionNode = FALSE
	EndGlobalSection
	GlobalSection(ExtensibilityGlobals) = postSolution
		SolutionGuid = {F1AA593C-A92D-439D-8C46-B31F58E52DE8}
	EndGlobalSection
EndGlobal
